Microsoft Visual Studio Solution File, Format Version 12.00
# Visual Studio Version 17
VisualStudioVersion = 17.0.31903.59
MinimumVisualStudioVersion = 10.0.40219.1
Project("{FAE04EC0-301F-11D3-BF4B-00C04F79EFBC}") = "BluetoothDeskApp", "src\BluetoothDeskApp\BluetoothDeskApp.csproj", "{A2A9B6E0-3C69-4D9A-8B4D-2C1F7D6A1111}"
EndProject
Project("{FAE04EC0-301F-11D3-BF4B-00C04F79EFBC}") = "BluetoothDeskApp.Tests", "tests\BluetoothDeskApp.Tests\BluetoothDeskApp.Tests.csproj", "{B872A8D3-7BDE-4F66-ABEA-3F1DEFF2F222}"
EndProject
Global
    GlobalSection(SolutionConfigurationPlatforms) = preSolution
        Debug|Any CPU = Debug|Any CPU
        Release|Any CPU = Release|Any CPU
    EndGlobalSection
    GlobalSection(ProjectConfigurationPlatforms) = postSolution
        {A2A9B6E0-3C69-4D9A-8B4D-2C1F7D6A1111}.Debug|Any CPU.ActiveCfg = Debug|Any CPU
        {A2A9B6E0-3C69-4D9A-8B4D-2C1F7D6A1111}.Debug|Any CPU.Build.0 = Debug|Any CPU
        {A2A9B6E0-3C69-4D9A-8B4D-2C1F7D6A1111}.Release|Any CPU.ActiveCfg = Release|Any CPU
        {A2A9B6E0-3C69-4D9A-8B4D-2C1F7D6A1111}.Release|Any CPU.Build.0 = Release|Any CPU
        {B872A8D3-7BDE-4F66-ABEA-3F1DEFF2F222}.Debug|Any CPU.ActiveCfg = Debug|Any CPU
        {B872A8D3-7BDE-4F66-ABEA-3F1DEFF2F222}.Debug|Any CPU.Build.0 = Debug|Any CPU
        {B872A8D3-7BDE-4F66-ABEA-3F1DEFF2F222}.Release|Any CPU.ActiveCfg = Release|Any CPU
        {B872A8D3-7BDE-4F66-ABEA-3F1DEFF2F222}.Release|Any CPU.Build.0 = Release|Any CPU
    EndGlobalSection
EndGlobal
